// !$*UTF8*$!
{
	archiveVersion = 1;
	classes = {
	};
	objectVersion = 50;
	objects = {

/* Begin PBXBuildFile section */
		1407B7AD26BDA17C00A20FDF /* TimesNewRoman-RegularItalic.ttf in Resources */ = {isa = PBXBuildFile; fileRef = 1407B7A926BDA17C00A20FDF /* TimesNewRoman-RegularItalic.ttf */; };
		1407B7AE26BDA17C00A20FDF /* TimesNewRoman-Regular.ttf in Resources */ = {isa = PBXBuildFile; fileRef = 1407B7AA26BDA17C00A20FDF /* TimesNewRoman-Regular.ttf */; };
		1407B7AF26BDA17C00A20FDF /* TimesNewRoman-Bold.ttf in Resources */ = {isa = PBXBuildFile; fileRef = 1407B7AB26BDA17C00A20FDF /* TimesNewRoman-Bold.ttf */; };
		1407B7B026BDA17C00A20FDF /* TimesNewRoman-BoldItalic.ttf in Resources */ = {isa = PBXBuildFile; fileRef = 1407B7AC26BDA17C00A20FDF /* TimesNewRoman-BoldItalic.ttf */; };
		1459133C267B1C2C00DC6488 /* Signary.xcdatamodeld in Sources */ = {isa = PBXBuildFile; fileRef = 1459133A267B1C2C00DC6488 /* Signary.xcdatamodeld */; };
		14591342267B22CA00DC6488 /* CoreDataStack.swift in Sources */ = {isa = PBXBuildFile; fileRef = 14591341267B22CA00DC6488 /* CoreDataStack.swift */; };
		14591344267B236A00DC6488 /* ColorValueTrasnformer.swift in Sources */ = {isa = PBXBuildFile; fileRef = 14591343267B236A00DC6488 /* ColorValueTrasnformer.swift */; };
		14591347267B23B700DC6488 /* Note+CoreDataClass.swift in Sources */ = {isa = PBXBuildFile; fileRef = 14591345267B23B700DC6488 /* Note+CoreDataClass.swift */; };
		14591348267B23B700DC6488 /* Note+CoreDataProperties.swift in Sources */ = {isa = PBXBuildFile; fileRef = 14591346267B23B700DC6488 /* Note+CoreDataProperties.swift */; };
		1459134A267B24D400DC6488 /* DataManager.swift in Sources */ = {isa = PBXBuildFile; fileRef = 14591349267B24D400DC6488 /* DataManager.swift */; };
		1459134C267B264D00DC6488 /* Logic.swift in Sources */ = {isa = PBXBuildFile; fileRef = 1459134B267B264D00DC6488 /* Logic.swift */; };
		1459134E267B269A00DC6488 /* TypeAliases.swift in Sources */ = {isa = PBXBuildFile; fileRef = 1459134D267B269A00DC6488 /* TypeAliases.swift */; };
		145C353B26789EF200D88C54 /* UIColorExtension.swift in Sources */ = {isa = PBXBuildFile; fileRef = 145C353A26789EF200D88C54 /* UIColorExtension.swift */; };
		145C353D2678BF8200D88C54 /* UITextViewExtension.swift in Sources */ = {isa = PBXBuildFile; fileRef = 145C353C2678BF8200D88C54 /* UITextViewExtension.swift */; };
		146708EF26B8059B00F17177 /* FontController.swift in Sources */ = {isa = PBXBuildFile; fileRef = 146708EE26B8059B00F17177 /* FontController.swift */; };
		146947D926720EC900274B16 /* HomeInterfaceHelper.swift in Sources */ = {isa = PBXBuildFile; fileRef = 146947D826720EC900274B16 /* HomeInterfaceHelper.swift */; };
		146947DB2672330900274B16 /* Trash.storyboard in Resources */ = {isa = PBXBuildFile; fileRef = 146947DA2672330900274B16 /* Trash.storyboard */; };
		146947DD2672353600274B16 /* TrashViewController.swift in Sources */ = {isa = PBXBuildFile; fileRef = 146947DC2672353600274B16 /* TrashViewController.swift */; };
		146947DF267245FF00274B16 /* TrashInterfaceHelper.swift in Sources */ = {isa = PBXBuildFile; fileRef = 146947DE267245FF00274B16 /* TrashInterfaceHelper.swift */; };
		146947E126724F0000274B16 /* Editor.storyboard in Resources */ = {isa = PBXBuildFile; fileRef = 146947E026724F0000274B16 /* Editor.storyboard */; };
		146947E326724FF200274B16 /* EditorViewController.swift in Sources */ = {isa = PBXBuildFile; fileRef = 146947E226724FF200274B16 /* EditorViewController.swift */; };
		14697BB42671EC8A0067A2FB /* AppDelegate.swift in Sources */ = {isa = PBXBuildFile; fileRef = 14697BB32671EC8A0067A2FB /* AppDelegate.swift */; };
		14697BB62671EC8A0067A2FB /* SceneDelegate.swift in Sources */ = {isa = PBXBuildFile; fileRef = 14697BB52671EC8A0067A2FB /* SceneDelegate.swift */; };
		14697BBB2671EC8A0067A2FB /* Home.storyboard in Resources */ = {isa = PBXBuildFile; fileRef = 14697BB92671EC8A0067A2FB /* Home.storyboard */; };
		14697BBD2671EC900067A2FB /* Assets.xcassets in Resources */ = {isa = PBXBuildFile; fileRef = 14697BBC2671EC900067A2FB /* Assets.xcassets */; };
		14697BC02671EC900067A2FB /* LaunchScreen.storyboard in Resources */ = {isa = PBXBuildFile; fileRef = 14697BBE2671EC900067A2FB /* LaunchScreen.storyboard */; };
		14697BCE267201690067A2FB /* HomeViewController.swift in Sources */ = {isa = PBXBuildFile; fileRef = 14697BCD267201690067A2FB /* HomeViewController.swift */; };
		14697BD82672071E0067A2FB /* listViewCell.swift in Sources */ = {isa = PBXBuildFile; fileRef = 14697BD62672071E0067A2FB /* listViewCell.swift */; };
		14697BD9267208940067A2FB /* Constants.swift in Sources */ = {isa = PBXBuildFile; fileRef = 14697BD0267205060067A2FB /* Constants.swift */; };
		14697BDF267209750067A2FB /* TestNotesModel.swift in Sources */ = {isa = PBXBuildFile; fileRef = 14697BDD2672096D0067A2FB /* TestNotesModel.swift */; };
		14697BE0267209780067A2FB /* NotesData.swift in Sources */ = {isa = PBXBuildFile; fileRef = 14697BDE2672096D0067A2FB /* NotesData.swift */; };
		146A2F2F26BBF8C400C5E1D3 /* UserDefaultsExtension.swift in Sources */ = {isa = PBXBuildFile; fileRef = 146A2F2E26BBF8C400C5E1D3 /* UserDefaultsExtension.swift */; };
		146F0F7826A710DA004E5634 /* MenuElementsHelper.swift in Sources */ = {isa = PBXBuildFile; fileRef = 146F0F7726A710DA004E5634 /* MenuElementsHelper.swift */; };
		146F0F7C26A729C4004E5634 /* FontCreator.swift in Sources */ = {isa = PBXBuildFile; fileRef = 146F0F7B26A729C4004E5634 /* FontCreator.swift */; };
		148F570326A9A6B500936A18 /* UIFontExtension.swift in Sources */ = {isa = PBXBuildFile; fileRef = 148F570226A9A6B500936A18 /* UIFontExtension.swift */; };
		148F5E52267B29B200EFE9AD /* TableSection.swift in Sources */ = {isa = PBXBuildFile; fileRef = 148F5E51267B29B200EFE9AD /* TableSection.swift */; };
		148F5E54267B335100EFE9AD /* listViewCell.xib in Resources */ = {isa = PBXBuildFile; fileRef = 148F5E53267B335100EFE9AD /* listViewCell.xib */; };
		148F5E57267B562200EFE9AD /* SectionHeaderView.xib in Resources */ = {isa = PBXBuildFile; fileRef = 148F5E56267B562200EFE9AD /* SectionHeaderView.xib */; };
		148F5E59267B563C00EFE9AD /* SectionHeaderView.swift in Sources */ = {isa = PBXBuildFile; fileRef = 148F5E58267B563C00EFE9AD /* SectionHeaderView.swift */; };
		148F5E5B267B569900EFE9AD /* UIViewExtension.swift in Sources */ = {isa = PBXBuildFile; fileRef = 148F5E5A267B569900EFE9AD /* UIViewExtension.swift */; };
		148F5E5D267B58C300EFE9AD /* HomeViewSectionHeader.swift in Sources */ = {isa = PBXBuildFile; fileRef = 148F5E5C267B58C300EFE9AD /* HomeViewSectionHeader.swift */; };
		148F5E5F267B60BF00EFE9AD /* StringExtension.swift in Sources */ = {isa = PBXBuildFile; fileRef = 148F5E5E267B60BF00EFE9AD /* StringExtension.swift */; };
		14C3E4A726AEC33E00D7E166 /* FiraSans-Bold.ttf in Resources */ = {isa = PBXBuildFile; fileRef = 14C3E4A626AEC21300D7E166 /* FiraSans-Bold.ttf */; };
		14C3E4A826AEC34000D7E166 /* FiraSans-Regular.ttf in Resources */ = {isa = PBXBuildFile; fileRef = 14C3E4A526AEC21300D7E166 /* FiraSans-Regular.ttf */; };
		14C3E4AA26AED31300D7E166 /* ArrayExtension.swift in Sources */ = {isa = PBXBuildFile; fileRef = 14C3E4A926AED31300D7E166 /* ArrayExtension.swift */; };
		14C3E4AC26AEE43200D7E166 /* Fonts.swift in Sources */ = {isa = PBXBuildFile; fileRef = 14C3E4AB26AEE43200D7E166 /* Fonts.swift */; };
		14C3E4B326AEE6F600D7E166 /* OpenSans-Bold.ttf in Resources */ = {isa = PBXBuildFile; fileRef = 14C3E4B126AEE6F600D7E166 /* OpenSans-Bold.ttf */; };
		14C3E4B426AEE6F600D7E166 /* OpenSans-Regular.ttf in Resources */ = {isa = PBXBuildFile; fileRef = 14C3E4B226AEE6F600D7E166 /* OpenSans-Regular.ttf */; };
		14C3E4B826AEE79200D7E166 /* PTSans-Bold.ttf in Resources */ = {isa = PBXBuildFile; fileRef = 14C3E4B626AEE79200D7E166 /* PTSans-Bold.ttf */; };
		14C3E4B926AEE79200D7E166 /* PTSans-Regular.ttf in Resources */ = {isa = PBXBuildFile; fileRef = 14C3E4B726AEE79200D7E166 /* PTSans-Regular.ttf */; };
/* End PBXBuildFile section */

/* Begin PBXFileReference section */
		1407B7A926BDA17C00A20FDF /* TimesNewRoman-RegularItalic.ttf */ = {isa = PBXFileReference; lastKnownFileType = file; path = "TimesNewRoman-RegularItalic.ttf"; sourceTree = "<group>"; };
		1407B7AA26BDA17C00A20FDF /* TimesNewRoman-Regular.ttf */ = {isa = PBXFileReference; lastKnownFileType = file; path = "TimesNewRoman-Regular.ttf"; sourceTree = "<group>"; };
		1407B7AB26BDA17C00A20FDF /* TimesNewRoman-Bold.ttf */ = {isa = PBXFileReference; lastKnownFileType = file; path = "TimesNewRoman-Bold.ttf"; sourceTree = "<group>"; };
		1407B7AC26BDA17C00A20FDF /* TimesNewRoman-BoldItalic.ttf */ = {isa = PBXFileReference; lastKnownFileType = file; path = "TimesNewRoman-BoldItalic.ttf"; sourceTree = "<group>"; };
		1459133B267B1C2C00DC6488 /* Signary.xcdatamodel */ = {isa = PBXFileReference; lastKnownFileType = wrapper.xcdatamodel; path = Signary.xcdatamodel; sourceTree = "<group>"; };
		14591341267B22CA00DC6488 /* CoreDataStack.swift */ = {isa = PBXFileReference; lastKnownFileType = sourcecode.swift; path = CoreDataStack.swift; sourceTree = "<group>"; };
		14591343267B236A00DC6488 /* ColorValueTrasnformer.swift */ = {isa = PBXFileReference; lastKnownFileType = sourcecode.swift; path = ColorValueTrasnformer.swift; sourceTree = "<group>"; };
		14591345267B23B700DC6488 /* Note+CoreDataClass.swift */ = {isa = PBXFileReference; lastKnownFileType = sourcecode.swift; path = "Note+CoreDataClass.swift"; sourceTree = "<group>"; };
		14591346267B23B700DC6488 /* Note+CoreDataProperties.swift */ = {isa = PBXFileReference; lastKnownFileType = sourcecode.swift; path = "Note+CoreDataProperties.swift"; sourceTree = "<group>"; };
		14591349267B24D400DC6488 /* DataManager.swift */ = {isa = PBXFileReference; lastKnownFileType = sourcecode.swift; path = DataManager.swift; sourceTree = "<group>"; };
		1459134B267B264D00DC6488 /* Logic.swift */ = {isa = PBXFileReference; lastKnownFileType = sourcecode.swift; path = Logic.swift; sourceTree = "<group>"; };
		1459134D267B269A00DC6488 /* TypeAliases.swift */ = {isa = PBXFileReference; lastKnownFileType = sourcecode.swift; path = TypeAliases.swift; sourceTree = "<group>"; };
		145C353A26789EF200D88C54 /* UIColorExtension.swift */ = {isa = PBXFileReference; lastKnownFileType = sourcecode.swift; path = UIColorExtension.swift; sourceTree = "<group>"; };
		145C353C2678BF8200D88C54 /* UITextViewExtension.swift */ = {isa = PBXFileReference; lastKnownFileType = sourcecode.swift; path = UITextViewExtension.swift; sourceTree = "<group>"; };
		146708EE26B8059B00F17177 /* FontController.swift */ = {isa = PBXFileReference; lastKnownFileType = sourcecode.swift; path = FontController.swift; sourceTree = "<group>"; };
		146947D826720EC900274B16 /* HomeInterfaceHelper.swift */ = {isa = PBXFileReference; lastKnownFileType = sourcecode.swift; path = HomeInterfaceHelper.swift; sourceTree = "<group>"; };
		146947DA2672330900274B16 /* Trash.storyboard */ = {isa = PBXFileReference; lastKnownFileType = file.storyboard; path = Trash.storyboard; sourceTree = "<group>"; };
		146947DC2672353600274B16 /* TrashViewController.swift */ = {isa = PBXFileReference; lastKnownFileType = sourcecode.swift; path = TrashViewController.swift; sourceTree = "<group>"; };
		146947DE267245FF00274B16 /* TrashInterfaceHelper.swift */ = {isa = PBXFileReference; lastKnownFileType = sourcecode.swift; path = TrashInterfaceHelper.swift; sourceTree = "<group>"; };
		146947E026724F0000274B16 /* Editor.storyboard */ = {isa = PBXFileReference; lastKnownFileType = file.storyboard; path = Editor.storyboard; sourceTree = "<group>"; };
		146947E226724FF200274B16 /* EditorViewController.swift */ = {isa = PBXFileReference; lastKnownFileType = sourcecode.swift; path = EditorViewController.swift; sourceTree = "<group>"; };
		14697BB02671EC8A0067A2FB /* Signary.app */ = {isa = PBXFileReference; explicitFileType = wrapper.application; includeInIndex = 0; path = Signary.app; sourceTree = BUILT_PRODUCTS_DIR; };
		14697BB32671EC8A0067A2FB /* AppDelegate.swift */ = {isa = PBXFileReference; lastKnownFileType = sourcecode.swift; path = AppDelegate.swift; sourceTree = "<group>"; };
		14697BB52671EC8A0067A2FB /* SceneDelegate.swift */ = {isa = PBXFileReference; lastKnownFileType = sourcecode.swift; path = SceneDelegate.swift; sourceTree = "<group>"; };
		14697BBA2671EC8A0067A2FB /* Base */ = {isa = PBXFileReference; lastKnownFileType = file.storyboard; name = Base; path = Base.lproj/Home.storyboard; sourceTree = "<group>"; };
		14697BBC2671EC900067A2FB /* Assets.xcassets */ = {isa = PBXFileReference; lastKnownFileType = folder.assetcatalog; path = Assets.xcassets; sourceTree = "<group>"; };
		14697BBF2671EC900067A2FB /* Base */ = {isa = PBXFileReference; lastKnownFileType = file.storyboard; name = Base; path = Base.lproj/LaunchScreen.storyboard; sourceTree = "<group>"; };
		14697BC12671EC900067A2FB /* Info.plist */ = {isa = PBXFileReference; lastKnownFileType = text.plist.xml; name = Info.plist; path = "Source/Support Files/Info.plist"; sourceTree = SOURCE_ROOT; };
		14697BCD267201690067A2FB /* HomeViewController.swift */ = {isa = PBXFileReference; lastKnownFileType = sourcecode.swift; path = HomeViewController.swift; sourceTree = "<group>"; };
		14697BD0267205060067A2FB /* Constants.swift */ = {isa = PBXFileReference; lastKnownFileType = sourcecode.swift; path = Constants.swift; sourceTree = "<group>"; };
		14697BD62672071E0067A2FB /* listViewCell.swift */ = {isa = PBXFileReference; fileEncoding = 4; lastKnownFileType = sourcecode.swift; path = listViewCell.swift; sourceTree = "<group>"; };
		14697BDD2672096D0067A2FB /* TestNotesModel.swift */ = {isa = PBXFileReference; lastKnownFileType = sourcecode.swift; path = TestNotesModel.swift; sourceTree = "<group>"; };
		14697BDE2672096D0067A2FB /* NotesData.swift */ = {isa = PBXFileReference; lastKnownFileType = sourcecode.swift; path = NotesData.swift; sourceTree = "<group>"; };
		146A2F2E26BBF8C400C5E1D3 /* UserDefaultsExtension.swift */ = {isa = PBXFileReference; lastKnownFileType = sourcecode.swift; path = UserDefaultsExtension.swift; sourceTree = "<group>"; };
		146F0F7726A710DA004E5634 /* MenuElementsHelper.swift */ = {isa = PBXFileReference; lastKnownFileType = sourcecode.swift; path = MenuElementsHelper.swift; sourceTree = "<group>"; };
		146F0F7B26A729C4004E5634 /* FontCreator.swift */ = {isa = PBXFileReference; lastKnownFileType = sourcecode.swift; path = FontCreator.swift; sourceTree = "<group>"; };
		148F570226A9A6B500936A18 /* UIFontExtension.swift */ = {isa = PBXFileReference; lastKnownFileType = sourcecode.swift; path = UIFontExtension.swift; sourceTree = "<group>"; };
		148F5E51267B29B200EFE9AD /* TableSection.swift */ = {isa = PBXFileReference; lastKnownFileType = sourcecode.swift; path = TableSection.swift; sourceTree = "<group>"; };
		148F5E53267B335100EFE9AD /* listViewCell.xib */ = {isa = PBXFileReference; fileEncoding = 4; lastKnownFileType = file.xib; path = listViewCell.xib; sourceTree = "<group>"; };
		148F5E56267B562200EFE9AD /* SectionHeaderView.xib */ = {isa = PBXFileReference; fileEncoding = 4; lastKnownFileType = file.xib; path = SectionHeaderView.xib; sourceTree = "<group>"; };
		148F5E58267B563C00EFE9AD /* SectionHeaderView.swift */ = {isa = PBXFileReference; lastKnownFileType = sourcecode.swift; path = SectionHeaderView.swift; sourceTree = "<group>"; };
		148F5E5A267B569900EFE9AD /* UIViewExtension.swift */ = {isa = PBXFileReference; lastKnownFileType = sourcecode.swift; path = UIViewExtension.swift; sourceTree = "<group>"; };
		148F5E5C267B58C300EFE9AD /* HomeViewSectionHeader.swift */ = {isa = PBXFileReference; lastKnownFileType = sourcecode.swift; path = HomeViewSectionHeader.swift; sourceTree = "<group>"; };
		148F5E5E267B60BF00EFE9AD /* StringExtension.swift */ = {isa = PBXFileReference; lastKnownFileType = sourcecode.swift; path = StringExtension.swift; sourceTree = "<group>"; };
		14C3E4A526AEC21300D7E166 /* FiraSans-Regular.ttf */ = {isa = PBXFileReference; lastKnownFileType = file; path = "FiraSans-Regular.ttf"; sourceTree = "<group>"; };
		14C3E4A626AEC21300D7E166 /* FiraSans-Bold.ttf */ = {isa = PBXFileReference; lastKnownFileType = file; path = "FiraSans-Bold.ttf"; sourceTree = "<group>"; };
		14C3E4A926AED31300D7E166 /* ArrayExtension.swift */ = {isa = PBXFileReference; lastKnownFileType = sourcecode.swift; path = ArrayExtension.swift; sourceTree = "<group>"; };
		14C3E4AB26AEE43200D7E166 /* Fonts.swift */ = {isa = PBXFileReference; lastKnownFileType = sourcecode.swift; path = Fonts.swift; sourceTree = "<group>"; };
		14C3E4B126AEE6F600D7E166 /* OpenSans-Bold.ttf */ = {isa = PBXFileReference; lastKnownFileType = file; path = "OpenSans-Bold.ttf"; sourceTree = "<group>"; };
		14C3E4B226AEE6F600D7E166 /* OpenSans-Regular.ttf */ = {isa = PBXFileReference; lastKnownFileType = file; path = "OpenSans-Regular.ttf"; sourceTree = "<group>"; };
		14C3E4B626AEE79200D7E166 /* PTSans-Bold.ttf */ = {isa = PBXFileReference; lastKnownFileType = file; path = "PTSans-Bold.ttf"; sourceTree = "<group>"; };
		14C3E4B726AEE79200D7E166 /* PTSans-Regular.ttf */ = {isa = PBXFileReference; lastKnownFileType = file; path = "PTSans-Regular.ttf"; sourceTree = "<group>"; };
/* End PBXFileReference section */

/* Begin PBXFrameworksBuildPhase section */
		14697BAD2671EC8A0067A2FB /* Frameworks */ = {
			isa = PBXFrameworksBuildPhase;
			buildActionMask = 2147483647;
			files = (
			);
			runOnlyForDeploymentPostprocessing = 0;
		};
/* End PBXFrameworksBuildPhase section */

/* Begin PBXGroup section */
		14591339267B1C0900DC6488 /* CoreData */ = {
			isa = PBXGroup;
			children = (
				1459133A267B1C2C00DC6488 /* Signary.xcdatamodeld */,
				14591341267B22CA00DC6488 /* CoreDataStack.swift */,
				14591343267B236A00DC6488 /* ColorValueTrasnformer.swift */,
				14591345267B23B700DC6488 /* Note+CoreDataClass.swift */,
				14591346267B23B700DC6488 /* Note+CoreDataProperties.swift */,
			);
			path = CoreData;
			sourceTree = "<group>";
		};
		145C353926789ED300D88C54 /* Extensions */ = {
			isa = PBXGroup;
			children = (
				145C353A26789EF200D88C54 /* UIColorExtension.swift */,
				145C353C2678BF8200D88C54 /* UITextViewExtension.swift */,
				148F5E5A267B569900EFE9AD /* UIViewExtension.swift */,
				148F5E5E267B60BF00EFE9AD /* StringExtension.swift */,
				148F570226A9A6B500936A18 /* UIFontExtension.swift */,
				14C3E4A926AED31300D7E166 /* ArrayExtension.swift */,
				146A2F2E26BBF8C400C5E1D3 /* UserDefaultsExtension.swift */,
			);
			path = Extensions;
			sourceTree = "<group>";
		};
		146947D726720EAA00274B16 /* Helpers */ = {
			isa = PBXGroup;
			children = (
				146F0F7726A710DA004E5634 /* MenuElementsHelper.swift */,
				146947D826720EC900274B16 /* HomeInterfaceHelper.swift */,
				146947DE267245FF00274B16 /* TrashInterfaceHelper.swift */,
				1459134D267B269A00DC6488 /* TypeAliases.swift */,
				148F5E51267B29B200EFE9AD /* TableSection.swift */,
				14C3E4AE26AEE44400D7E166 /* CustomFonts */,
			);
			path = Helpers;
			sourceTree = "<group>";
		};
		14697BA72671EC8A0067A2FB = {
			isa = PBXGroup;
			children = (
				14697BB22671EC8A0067A2FB /* Source */,
				14697BB12671EC8A0067A2FB /* Products */,
			);
			sourceTree = "<group>";
		};
		14697BB12671EC8A0067A2FB /* Products */ = {
			isa = PBXGroup;
			children = (
				14697BB02671EC8A0067A2FB /* Signary.app */,
			);
			name = Products;
			sourceTree = "<group>";
		};
		14697BB22671EC8A0067A2FB /* Source */ = {
			isa = PBXGroup;
			children = (
				14697BC92671EE580067A2FB /* Startup */,
				14697BCF267204F00067A2FB /* Models */,
				14697BD3267206FA0067A2FB /* Views */,
				14697BC72671EDA40067A2FB /* View Controllers */,
				145C353926789ED300D88C54 /* Extensions */,
				14697BCB2671EE880067A2FB /* Interface Builder */,
				14697BCA2671EE7D0067A2FB /* Resources */,
				14697BCC2671EE9B0067A2FB /* Support Files */,
			);
			path = Source;
			sourceTree = "<group>";
		};
		14697BC72671EDA40067A2FB /* View Controllers */ = {
			isa = PBXGroup;
			children = (
				14697BCD267201690067A2FB /* HomeViewController.swift */,
				146947DC2672353600274B16 /* TrashViewController.swift */,
				146947E226724FF200274B16 /* EditorViewController.swift */,
			);
			path = "View Controllers";
			sourceTree = "<group>";
		};
		14697BC92671EE580067A2FB /* Startup */ = {
			isa = PBXGroup;
			children = (
				14697BB32671EC8A0067A2FB /* AppDelegate.swift */,
				14697BB52671EC8A0067A2FB /* SceneDelegate.swift */,
			);
			path = Startup;
			sourceTree = "<group>";
		};
		14697BCA2671EE7D0067A2FB /* Resources */ = {
			isa = PBXGroup;
			children = (
				14C3E4A426AEC1B500D7E166 /* Fonts */,
				14697BBC2671EC900067A2FB /* Assets.xcassets */,
			);
			path = Resources;
			sourceTree = "<group>";
		};
		14697BCB2671EE880067A2FB /* Interface Builder */ = {
			isa = PBXGroup;
			children = (
				14697BB92671EC8A0067A2FB /* Home.storyboard */,
				146947DA2672330900274B16 /* Trash.storyboard */,
				146947E026724F0000274B16 /* Editor.storyboard */,
			);
			path = "Interface Builder";
			sourceTree = "<group>";
		};
		14697BCC2671EE9B0067A2FB /* Support Files */ = {
			isa = PBXGroup;
			children = (
				14697BBE2671EC900067A2FB /* LaunchScreen.storyboard */,
				14697BC12671EC900067A2FB /* Info.plist */,
			);
			path = "Support Files";
			sourceTree = "<group>";
		};
		14697BCF267204F00067A2FB /* Models */ = {
			isa = PBXGroup;
			children = (
				14591339267B1C0900DC6488 /* CoreData */,
				146947D726720EAA00274B16 /* Helpers */,
				14697BDC2672096D0067A2FB /* TestData */,
				14697BD0267205060067A2FB /* Constants.swift */,
				14591349267B24D400DC6488 /* DataManager.swift */,
				1459134B267B264D00DC6488 /* Logic.swift */,
			);
			path = Models;
			sourceTree = "<group>";
		};
		14697BD3267206FA0067A2FB /* Views */ = {
			isa = PBXGroup;
			children = (
				148F5E55267B560800EFE9AD /* SectionHeaderView */,
				14697BD42672071E0067A2FB /* ListViewCell */,
				148F5E5C267B58C300EFE9AD /* HomeViewSectionHeader.swift */,
			);
			path = Views;
			sourceTree = "<group>";
		};
		14697BD42672071E0067A2FB /* ListViewCell */ = {
			isa = PBXGroup;
			children = (
				14697BD62672071E0067A2FB /* listViewCell.swift */,
				148F5E53267B335100EFE9AD /* listViewCell.xib */,
			);
			path = ListViewCell;
			sourceTree = "<group>";
		};
		14697BDC2672096D0067A2FB /* TestData */ = {
			isa = PBXGroup;
			children = (
				14697BDD2672096D0067A2FB /* TestNotesModel.swift */,
				14697BDE2672096D0067A2FB /* NotesData.swift */,
			);
			path = TestData;
			sourceTree = "<group>";
		};
		148F5E55267B560800EFE9AD /* SectionHeaderView */ = {
			isa = PBXGroup;
			children = (
				148F5E56267B562200EFE9AD /* SectionHeaderView.xib */,
				148F5E58267B563C00EFE9AD /* SectionHeaderView.swift */,
			);
			path = SectionHeaderView;
			sourceTree = "<group>";
		};
		14C3E4A426AEC1B500D7E166 /* Fonts */ = {
			isa = PBXGroup;
			children = (
				14C3E4C626AEEFB900D7E166 /* Times New Roman */,
				14C3E4BA26AEE79800D7E166 /* PTSans */,
				14C3E4B526AEE70200D7E166 /* OpenSans */,
				14C3E4B026AEE6D000D7E166 /* FiraSans */,
			);
			path = Fonts;
			sourceTree = "<group>";
		};
		14C3E4AE26AEE44400D7E166 /* CustomFonts */ = {
			isa = PBXGroup;
			children = (
				146F0F7B26A729C4004E5634 /* FontCreator.swift */,
				14C3E4AB26AEE43200D7E166 /* Fonts.swift */,
				146708EE26B8059B00F17177 /* FontController.swift */,
			);
			path = CustomFonts;
			sourceTree = "<group>";
		};
		14C3E4B026AEE6D000D7E166 /* FiraSans */ = {
			isa = PBXGroup;
			children = (
				14C3E4A626AEC21300D7E166 /* FiraSans-Bold.ttf */,
				14C3E4A526AEC21300D7E166 /* FiraSans-Regular.ttf */,
			);
			path = FiraSans;
			sourceTree = "<group>";
		};
		14C3E4B526AEE70200D7E166 /* OpenSans */ = {
			isa = PBXGroup;
			children = (
				14C3E4B126AEE6F600D7E166 /* OpenSans-Bold.ttf */,
				14C3E4B226AEE6F600D7E166 /* OpenSans-Regular.ttf */,
			);
			path = OpenSans;
			sourceTree = "<group>";
		};
		14C3E4BA26AEE79800D7E166 /* PTSans */ = {
			isa = PBXGroup;
			children = (
				14C3E4B626AEE79200D7E166 /* PTSans-Bold.ttf */,
				14C3E4B726AEE79200D7E166 /* PTSans-Regular.ttf */,
			);
			path = PTSans;
			sourceTree = "<group>";
		};
		14C3E4C626AEEFB900D7E166 /* Times New Roman */ = {
			isa = PBXGroup;
			children = (
				1407B7AB26BDA17C00A20FDF /* TimesNewRoman-Bold.ttf */,
				1407B7AC26BDA17C00A20FDF /* TimesNewRoman-BoldItalic.ttf */,
				1407B7AA26BDA17C00A20FDF /* TimesNewRoman-Regular.ttf */,
				1407B7A926BDA17C00A20FDF /* TimesNewRoman-RegularItalic.ttf */,
			);
			path = "Times New Roman";
			sourceTree = "<group>";
		};
/* End PBXGroup section */

/* Begin PBXNativeTarget section */
		14697BAF2671EC8A0067A2FB /* Signary */ = {
			isa = PBXNativeTarget;
			buildConfigurationList = 14697BC42671EC900067A2FB /* Build configuration list for PBXNativeTarget "Signary" */;
			buildPhases = (
				14697BAC2671EC8A0067A2FB /* Sources */,
				14697BAD2671EC8A0067A2FB /* Frameworks */,
				14697BAE2671EC8A0067A2FB /* Resources */,
			);
			buildRules = (
			);
			dependencies = (
			);
			name = Signary;
			productName = Signary;
			productReference = 14697BB02671EC8A0067A2FB /* Signary.app */;
			productType = "com.apple.product-type.application";
		};
/* End PBXNativeTarget section */

/* Begin PBXProject section */
		14697BA82671EC8A0067A2FB /* Project object */ = {
			isa = PBXProject;
			attributes = {
				LastSwiftUpdateCheck = 1250;
				LastUpgradeCheck = 1250;
				TargetAttributes = {
					14697BAF2671EC8A0067A2FB = {
						CreatedOnToolsVersion = 12.5;
					};
				};
			};
			buildConfigurationList = 14697BAB2671EC8A0067A2FB /* Build configuration list for PBXProject "Signary" */;
			compatibilityVersion = "Xcode 9.3";
			developmentRegion = en;
			hasScannedForEncodings = 0;
			knownRegions = (
				en,
				Base,
			);
			mainGroup = 14697BA72671EC8A0067A2FB;
			productRefGroup = 14697BB12671EC8A0067A2FB /* Products */;
			projectDirPath = "";
			projectRoot = "";
			targets = (
				14697BAF2671EC8A0067A2FB /* Signary */,
			);
		};
/* End PBXProject section */

/* Begin PBXResourcesBuildPhase section */
		14697BAE2671EC8A0067A2FB /* Resources */ = {
			isa = PBXResourcesBuildPhase;
			buildActionMask = 2147483647;
			files = (
				148F5E54267B335100EFE9AD /* listViewCell.xib in Resources */,
				14C3E4B426AEE6F600D7E166 /* OpenSans-Regular.ttf in Resources */,
				14C3E4B826AEE79200D7E166 /* PTSans-Bold.ttf in Resources */,
				146947E126724F0000274B16 /* Editor.storyboard in Resources */,
				14C3E4A726AEC33E00D7E166 /* FiraSans-Bold.ttf in Resources */,
				1407B7AD26BDA17C00A20FDF /* TimesNewRoman-RegularItalic.ttf in Resources */,
				146947DB2672330900274B16 /* Trash.storyboard in Resources */,
				1407B7AE26BDA17C00A20FDF /* TimesNewRoman-Regular.ttf in Resources */,
				14697BC02671EC900067A2FB /* LaunchScreen.storyboard in Resources */,
				1407B7AF26BDA17C00A20FDF /* TimesNewRoman-Bold.ttf in Resources */,
				14697BBD2671EC900067A2FB /* Assets.xcassets in Resources */,
				14C3E4B926AEE79200D7E166 /* PTSans-Regular.ttf in Resources */,
				14697BBB2671EC8A0067A2FB /* Home.storyboard in Resources */,
				148F5E57267B562200EFE9AD /* SectionHeaderView.xib in Resources */,
				1407B7B026BDA17C00A20FDF /* TimesNewRoman-BoldItalic.ttf in Resources */,
				14C3E4B326AEE6F600D7E166 /* OpenSans-Bold.ttf in Resources */,
				14C3E4A826AEC34000D7E166 /* FiraSans-Regular.ttf in Resources */,
			);
			runOnlyForDeploymentPostprocessing = 0;
		};
/* End PBXResourcesBuildPhase section */

/* Begin PBXSourcesBuildPhase section */
		14697BAC2671EC8A0067A2FB /* Sources */ = {
			isa = PBXSourcesBuildPhase;
			buildActionMask = 2147483647;
			files = (
				1459133C267B1C2C00DC6488 /* Signary.xcdatamodeld in Sources */,
				146F0F7826A710DA004E5634 /* MenuElementsHelper.swift in Sources */,
				1459134A267B24D400DC6488 /* DataManager.swift in Sources */,
				146947DD2672353600274B16 /* TrashViewController.swift in Sources */,
				14591342267B22CA00DC6488 /* CoreDataStack.swift in Sources */,
				145C353D2678BF8200D88C54 /* UITextViewExtension.swift in Sources */,
				14697BD9267208940067A2FB /* Constants.swift in Sources */,
				148F5E5B267B569900EFE9AD /* UIViewExtension.swift in Sources */,
				14697BDF267209750067A2FB /* TestNotesModel.swift in Sources */,
				14697BD82672071E0067A2FB /* listViewCell.swift in Sources */,
				146A2F2F26BBF8C400C5E1D3 /* UserDefaultsExtension.swift in Sources */,
				146F0F7C26A729C4004E5634 /* FontCreator.swift in Sources */,
				146708EF26B8059B00F17177 /* FontController.swift in Sources */,
				14697BB42671EC8A0067A2FB /* AppDelegate.swift in Sources */,
				148F5E59267B563C00EFE9AD /* SectionHeaderView.swift in Sources */,
				1459134C267B264D00DC6488 /* Logic.swift in Sources */,
				146947D926720EC900274B16 /* HomeInterfaceHelper.swift in Sources */,
				14C3E4AA26AED31300D7E166 /* ArrayExtension.swift in Sources */,
				146947E326724FF200274B16 /* EditorViewController.swift in Sources */,
				148F5E52267B29B200EFE9AD /* TableSection.swift in Sources */,
				148F570326A9A6B500936A18 /* UIFontExtension.swift in Sources */,
				148F5E5D267B58C300EFE9AD /* HomeViewSectionHeader.swift in Sources */,
				14697BE0267209780067A2FB /* NotesData.swift in Sources */,
				14591348267B23B700DC6488 /* Note+CoreDataProperties.swift in Sources */,
				14697BB62671EC8A0067A2FB /* SceneDelegate.swift in Sources */,
				14C3E4AC26AEE43200D7E166 /* Fonts.swift in Sources */,
				1459134E267B269A00DC6488 /* TypeAliases.swift in Sources */,
				14697BCE267201690067A2FB /* HomeViewController.swift in Sources */,
				14591344267B236A00DC6488 /* ColorValueTrasnformer.swift in Sources */,
				14591347267B23B700DC6488 /* Note+CoreDataClass.swift in Sources */,
				145C353B26789EF200D88C54 /* UIColorExtension.swift in Sources */,
				148F5E5F267B60BF00EFE9AD /* StringExtension.swift in Sources */,
				146947DF267245FF00274B16 /* TrashInterfaceHelper.swift in Sources */,
			);
			runOnlyForDeploymentPostprocessing = 0;
		};
/* End PBXSourcesBuildPhase section */

/* Begin PBXVariantGroup section */
		14697BB92671EC8A0067A2FB /* Home.storyboard */ = {
			isa = PBXVariantGroup;
			children = (
				14697BBA2671EC8A0067A2FB /* Base */,
			);
			name = Home.storyboard;
			sourceTree = "<group>";
		};
		14697BBE2671EC900067A2FB /* LaunchScreen.storyboard */ = {
			isa = PBXVariantGroup;
			children = (
				14697BBF2671EC900067A2FB /* Base */,
			);
			name = LaunchScreen.storyboard;
			sourceTree = "<group>";
		};
/* End PBXVariantGroup section */

/* Begin XCBuildConfiguration section */
		14697BC22671EC900067A2FB /* Debug */ = {
			isa = XCBuildConfiguration;
			buildSettings = {
				ALWAYS_SEARCH_USER_PATHS = NO;
				CLANG_ANALYZER_NONNULL = YES;
				CLANG_ANALYZER_NUMBER_OBJECT_CONVERSION = YES_AGGRESSIVE;
				CLANG_CXX_LANGUAGE_STANDARD = "gnu++14";
				CLANG_CXX_LIBRARY = "libc++";
				CLANG_ENABLE_MODULES = YES;
				CLANG_ENABLE_OBJC_ARC = YES;
				CLANG_ENABLE_OBJC_WEAK = YES;
				CLANG_WARN_BLOCK_CAPTURE_AUTORELEASING = YES;
				CLANG_WARN_BOOL_CONVERSION = YES;
				CLANG_WARN_COMMA = YES;
				CLANG_WARN_CONSTANT_CONVERSION = YES;
				CLANG_WARN_DEPRECATED_OBJC_IMPLEMENTATIONS = YES;
				CLANG_WARN_DIRECT_OBJC_ISA_USAGE = YES_ERROR;
				CLANG_WARN_DOCUMENTATION_COMMENTS = YES;
				CLANG_WARN_EMPTY_BODY = YES;
				CLANG_WARN_ENUM_CONVERSION = YES;
				CLANG_WARN_INFINITE_RECURSION = YES;
				CLANG_WARN_INT_CONVERSION = YES;
				CLANG_WARN_NON_LITERAL_NULL_CONVERSION = YES;
				CLANG_WARN_OBJC_IMPLICIT_RETAIN_SELF = YES;
				CLANG_WARN_OBJC_LITERAL_CONVERSION = YES;
				CLANG_WARN_OBJC_ROOT_CLASS = YES_ERROR;
				CLANG_WARN_QUOTED_INCLUDE_IN_FRAMEWORK_HEADER = YES;
				CLANG_WARN_RANGE_LOOP_ANALYSIS = YES;
				CLANG_WARN_STRICT_PROTOTYPES = YES;
				CLANG_WARN_SUSPICIOUS_MOVE = YES;
				CLANG_WARN_UNGUARDED_AVAILABILITY = YES_AGGRESSIVE;
				CLANG_WARN_UNREACHABLE_CODE = YES;
				CLANG_WARN__DUPLICATE_METHOD_MATCH = YES;
				COPY_PHASE_STRIP = NO;
				DEBUG_INFORMATION_FORMAT = dwarf;
				ENABLE_STRICT_OBJC_MSGSEND = YES;
				ENABLE_TESTABILITY = YES;
				GCC_C_LANGUAGE_STANDARD = gnu11;
				GCC_DYNAMIC_NO_PIC = NO;
				GCC_NO_COMMON_BLOCKS = YES;
				GCC_OPTIMIZATION_LEVEL = 0;
				GCC_PREPROCESSOR_DEFINITIONS = (
					"DEBUG=1",
					"$(inherited)",
				);
				GCC_WARN_64_TO_32_BIT_CONVERSION = YES;
				GCC_WARN_ABOUT_RETURN_TYPE = YES_ERROR;
				GCC_WARN_UNDECLARED_SELECTOR = YES;
				GCC_WARN_UNINITIALIZED_AUTOS = YES_AGGRESSIVE;
				GCC_WARN_UNUSED_FUNCTION = YES;
				GCC_WARN_UNUSED_VARIABLE = YES;
				IPHONEOS_DEPLOYMENT_TARGET = 14.5;
				MTL_ENABLE_DEBUG_INFO = INCLUDE_SOURCE;
				MTL_FAST_MATH = YES;
				ONLY_ACTIVE_ARCH = YES;
				SDKROOT = iphoneos;
				SWIFT_ACTIVE_COMPILATION_CONDITIONS = DEBUG;
				SWIFT_OPTIMIZATION_LEVEL = "-Onone";
			};
			name = Debug;
		};
		14697BC32671EC900067A2FB /* Release */ = {
			isa = XCBuildConfiguration;
			buildSettings = {
				ALWAYS_SEARCH_USER_PATHS = NO;
				CLANG_ANALYZER_NONNULL = YES;
				CLANG_ANALYZER_NUMBER_OBJECT_CONVERSION = YES_AGGRESSIVE;
				CLANG_CXX_LANGUAGE_STANDARD = "gnu++14";
				CLANG_CXX_LIBRARY = "libc++";
				CLANG_ENABLE_MODULES = YES;
				CLANG_ENABLE_OBJC_ARC = YES;
				CLANG_ENABLE_OBJC_WEAK = YES;
				CLANG_WARN_BLOCK_CAPTURE_AUTORELEASING = YES;
				CLANG_WARN_BOOL_CONVERSION = YES;
				CLANG_WARN_COMMA = YES;
				CLANG_WARN_CONSTANT_CONVERSION = YES;
				CLANG_WARN_DEPRECATED_OBJC_IMPLEMENTATIONS = YES;
				CLANG_WARN_DIRECT_OBJC_ISA_USAGE = YES_ERROR;
				CLANG_WARN_DOCUMENTATION_COMMENTS = YES;
				CLANG_WARN_EMPTY_BODY = YES;
				CLANG_WARN_ENUM_CONVERSION = YES;
				CLANG_WARN_INFINITE_RECURSION = YES;
				CLANG_WARN_INT_CONVERSION = YES;
				CLANG_WARN_NON_LITERAL_NULL_CONVERSION = YES;
				CLANG_WARN_OBJC_IMPLICIT_RETAIN_SELF = YES;
				CLANG_WARN_OBJC_LITERAL_CONVERSION = YES;
				CLANG_WARN_OBJC_ROOT_CLASS = YES_ERROR;
				CLANG_WARN_QUOTED_INCLUDE_IN_FRAMEWORK_HEADER = YES;
				CLANG_WARN_RANGE_LOOP_ANALYSIS = YES;
				CLANG_WARN_STRICT_PROTOTYPES = YES;
				CLANG_WARN_SUSPICIOUS_MOVE = YES;
				CLANG_WARN_UNGUARDED_AVAILABILITY = YES_AGGRESSIVE;
				CLANG_WARN_UNREACHABLE_CODE = YES;
				CLANG_WARN__DUPLICATE_METHOD_MATCH = YES;
				COPY_PHASE_STRIP = NO;
				DEBUG_INFORMATION_FORMAT = "dwarf-with-dsym";
				ENABLE_NS_ASSERTIONS = NO;
				ENABLE_STRICT_OBJC_MSGSEND = YES;
				GCC_C_LANGUAGE_STANDARD = gnu11;
				GCC_NO_COMMON_BLOCKS = YES;
				GCC_WARN_64_TO_32_BIT_CONVERSION = YES;
				GCC_WARN_ABOUT_RETURN_TYPE = YES_ERROR;
				GCC_WARN_UNDECLARED_SELECTOR = YES;
				GCC_WARN_UNINITIALIZED_AUTOS = YES_AGGRESSIVE;
				GCC_WARN_UNUSED_FUNCTION = YES;
				GCC_WARN_UNUSED_VARIABLE = YES;
				IPHONEOS_DEPLOYMENT_TARGET = 14.5;
				MTL_ENABLE_DEBUG_INFO = NO;
				MTL_FAST_MATH = YES;
				SDKROOT = iphoneos;
				SWIFT_COMPILATION_MODE = wholemodule;
				SWIFT_OPTIMIZATION_LEVEL = "-O";
				VALIDATE_PRODUCT = YES;
			};
			name = Release;
		};
		14697BC52671EC900067A2FB /* Debug */ = {
			isa = XCBuildConfiguration;
			buildSettings = {
				ASSETCATALOG_COMPILER_APPICON_NAME = AppIcon;
				ASSETCATALOG_COMPILER_GLOBAL_ACCENT_COLOR_NAME = AccentColor;
				CODE_SIGN_STYLE = Automatic;
				CURRENT_PROJECT_VERSION = 2;
				DEVELOPMENT_TEAM = H5Y8NT89V8;
				INFOPLIST_FILE = "Source/Support Files/Info.plist";
				IPHONEOS_DEPLOYMENT_TARGET = 14.5;
				LD_RUNPATH_SEARCH_PATHS = (
					"$(inherited)",
					"@executable_path/Frameworks",
				);
				PRODUCT_BUNDLE_IDENTIFIER = in.appup.Signary;
				PRODUCT_NAME = "$(TARGET_NAME)";
				SWIFT_VERSION = 5.0;
				TARGETED_DEVICE_FAMILY = 1;
			};
			name = Debug;
		};
		14697BC62671EC900067A2FB /* Release */ = {
			isa = XCBuildConfiguration;
			buildSettings = {
				ASSETCATALOG_COMPILER_APPICON_NAME = AppIcon;
				ASSETCATALOG_COMPILER_GLOBAL_ACCENT_COLOR_NAME = AccentColor;
				CODE_SIGN_STYLE = Automatic;
				CURRENT_PROJECT_VERSION = 2;
				DEVELOPMENT_TEAM = H5Y8NT89V8;
				INFOPLIST_FILE = "Source/Support Files/Info.plist";
				IPHONEOS_DEPLOYMENT_TARGET = 14.5;
				LD_RUNPATH_SEARCH_PATHS = (
					"$(inherited)",
					"@executable_path/Frameworks",
				);
				PRODUCT_BUNDLE_IDENTIFIER = in.appup.Signary;
				PRODUCT_NAME = "$(TARGET_NAME)";
				SWIFT_VERSION = 5.0;
				TARGETED_DEVICE_FAMILY = 1;
			};
			name = Release;
		};
/* End XCBuildConfiguration section */

/* Begin XCConfigurationList section */
		14697BAB2671EC8A0067A2FB /* Build configuration list for PBXProject "Signary" */ = {
			isa = XCConfigurationList;
			buildConfigurations = (
				14697BC22671EC900067A2FB /* Debug */,
				14697BC32671EC900067A2FB /* Release */,
			);
			defaultConfigurationIsVisible = 0;
			defaultConfigurationName = Release;
		};
		14697BC42671EC900067A2FB /* Build configuration list for PBXNativeTarget "Signary" */ = {
			isa = XCConfigurationList;
			buildConfigurations = (
				14697BC52671EC900067A2FB /* Debug */,
				14697BC62671EC900067A2FB /* Release */,
			);
			defaultConfigurationIsVisible = 0;
			defaultConfigurationName = Release;
		};
/* End XCConfigurationList section */

/* Begin XCVersionGroup section */
		1459133A267B1C2C00DC6488 /* Signary.xcdatamodeld */ = {
			isa = XCVersionGroup;
			children = (
				1459133B267B1C2C00DC6488 /* Signary.xcdatamodel */,
			);
			currentVersion = 1459133B267B1C2C00DC6488 /* Signary.xcdatamodel */;
			path = Signary.xcdatamodeld;
			sourceTree = "<group>";
			versionGroupType = wrapper.xcdatamodel;
		};
/* End XCVersionGroup section */
	};
	rootObject = 14697BA82671EC8A0067A2FB /* Project object */;
}
