// !$*UTF8*$!
{
	archiveVersion = 1;
	classes = {
	};
	objectVersion = 50;
	objects = {

/* Begin PBXBuildFile section */
		146947D926720EC900274B16 /* HomeInterfaceHelper.swift in Sources */ = {isa = PBXBuildFile; fileRef = 146947D826720EC900274B16 /* HomeInterfaceHelper.swift */; };
		146947DB2672330900274B16 /* Trash.storyboard in Resources */ = {isa = PBXBuildFile; fileRef = 146947DA2672330900274B16 /* Trash.storyboard */; };
		146947DD2672353600274B16 /* TrashViewController.swift in Sources */ = {isa = PBXBuildFile; fileRef = 146947DC2672353600274B16 /* TrashViewController.swift */; };
		146947DF267245FF00274B16 /* TrashInterfaceHelper.swift in Sources */ = {isa = PBXBuildFile; fileRef = 146947DE267245FF00274B16 /* TrashInterfaceHelper.swift */; };
		146947E126724F0000274B16 /* Editor.storyboard in Resources */ = {isa = PBXBuildFile; fileRef = 146947E026724F0000274B16 /* Editor.storyboard */; };
		146947E326724FF200274B16 /* EditorViewController.swift in Sources */ = {isa = PBXBuildFile; fileRef = 146947E226724FF200274B16 /* EditorViewController.swift */; };
		14697BB42671EC8A0067A2FB /* AppDelegate.swift in Sources */ = {isa = PBXBuildFile; fileRef = 14697BB32671EC8A0067A2FB /* AppDelegate.swift */; };
		14697BB62671EC8A0067A2FB /* SceneDelegate.swift in Sources */ = {isa = PBXBuildFile; fileRef = 14697BB52671EC8A0067A2FB /* SceneDelegate.swift */; };
		14697BBB2671EC8A0067A2FB /* Home.storyboard in Resources */ = {isa = PBXBuildFile; fileRef = 14697BB92671EC8A0067A2FB /* Home.storyboard */; };
		14697BBD2671EC900067A2FB /* Assets.xcassets in Resources */ = {isa = PBXBuildFile; fileRef = 14697BBC2671EC900067A2FB /* Assets.xcassets */; };
		14697BC02671EC900067A2FB /* LaunchScreen.storyboard in Resources */ = {isa = PBXBuildFile; fileRef = 14697BBE2671EC900067A2FB /* LaunchScreen.storyboard */; };
		14697BCE267201690067A2FB /* HomeViewController.swift in Sources */ = {isa = PBXBuildFile; fileRef = 14697BCD267201690067A2FB /* HomeViewController.swift */; };
		14697BD72672071E0067A2FB /* listViewCell.xib in Resources */ = {isa = PBXBuildFile; fileRef = 14697BD52672071E0067A2FB /* listViewCell.xib */; };
		14697BD82672071E0067A2FB /* listViewCell.swift in Sources */ = {isa = PBXBuildFile; fileRef = 14697BD62672071E0067A2FB /* listViewCell.swift */; };
		14697BD9267208940067A2FB /* Constants.swift in Sources */ = {isa = PBXBuildFile; fileRef = 14697BD0267205060067A2FB /* Constants.swift */; };
		14697BDB267208B50067A2FB /* TypeAliases.swift in Sources */ = {isa = PBXBuildFile; fileRef = 14697BDA267208B50067A2FB /* TypeAliases.swift */; };
		14697BDF267209750067A2FB /* TestNotesModel.swift in Sources */ = {isa = PBXBuildFile; fileRef = 14697BDD2672096D0067A2FB /* TestNotesModel.swift */; };
		14697BE0267209780067A2FB /* NotesData.swift in Sources */ = {isa = PBXBuildFile; fileRef = 14697BDE2672096D0067A2FB /* NotesData.swift */; };
/* End PBXBuildFile section */

/* Begin PBXFileReference section */
		146947D826720EC900274B16 /* HomeInterfaceHelper.swift */ = {isa = PBXFileReference; lastKnownFileType = sourcecode.swift; path = HomeInterfaceHelper.swift; sourceTree = "<group>"; };
		146947DA2672330900274B16 /* Trash.storyboard */ = {isa = PBXFileReference; lastKnownFileType = file.storyboard; path = Trash.storyboard; sourceTree = "<group>"; };
		146947DC2672353600274B16 /* TrashViewController.swift */ = {isa = PBXFileReference; lastKnownFileType = sourcecode.swift; path = TrashViewController.swift; sourceTree = "<group>"; };
		146947DE267245FF00274B16 /* TrashInterfaceHelper.swift */ = {isa = PBXFileReference; lastKnownFileType = sourcecode.swift; path = TrashInterfaceHelper.swift; sourceTree = "<group>"; };
		146947E026724F0000274B16 /* Editor.storyboard */ = {isa = PBXFileReference; lastKnownFileType = file.storyboard; path = Editor.storyboard; sourceTree = "<group>"; };
		146947E226724FF200274B16 /* EditorViewController.swift */ = {isa = PBXFileReference; lastKnownFileType = sourcecode.swift; path = EditorViewController.swift; sourceTree = "<group>"; };
		14697BB02671EC8A0067A2FB /* Signary.app */ = {isa = PBXFileReference; explicitFileType = wrapper.application; includeInIndex = 0; path = Signary.app; sourceTree = BUILT_PRODUCTS_DIR; };
		14697BB32671EC8A0067A2FB /* AppDelegate.swift */ = {isa = PBXFileReference; lastKnownFileType = sourcecode.swift; path = AppDelegate.swift; sourceTree = "<group>"; };
		14697BB52671EC8A0067A2FB /* SceneDelegate.swift */ = {isa = PBXFileReference; lastKnownFileType = sourcecode.swift; path = SceneDelegate.swift; sourceTree = "<group>"; };
		14697BBA2671EC8A0067A2FB /* Base */ = {isa = PBXFileReference; lastKnownFileType = file.storyboard; name = Base; path = Base.lproj/Home.storyboard; sourceTree = "<group>"; };
		14697BBC2671EC900067A2FB /* Assets.xcassets */ = {isa = PBXFileReference; lastKnownFileType = folder.assetcatalog; path = Assets.xcassets; sourceTree = "<group>"; };
		14697BBF2671EC900067A2FB /* Base */ = {isa = PBXFileReference; lastKnownFileType = file.storyboard; name = Base; path = Base.lproj/LaunchScreen.storyboard; sourceTree = "<group>"; };
		14697BC12671EC900067A2FB /* Info.plist */ = {isa = PBXFileReference; lastKnownFileType = text.plist.xml; name = Info.plist; path = "Source/Support Files/Info.plist"; sourceTree = SOURCE_ROOT; };
		14697BCD267201690067A2FB /* HomeViewController.swift */ = {isa = PBXFileReference; lastKnownFileType = sourcecode.swift; path = HomeViewController.swift; sourceTree = "<group>"; };
		14697BD0267205060067A2FB /* Constants.swift */ = {isa = PBXFileReference; lastKnownFileType = sourcecode.swift; path = Constants.swift; sourceTree = "<group>"; };
		14697BD52672071E0067A2FB /* listViewCell.xib */ = {isa = PBXFileReference; fileEncoding = 4; lastKnownFileType = file.xib; path = listViewCell.xib; sourceTree = "<group>"; };
		14697BD62672071E0067A2FB /* listViewCell.swift */ = {isa = PBXFileReference; fileEncoding = 4; lastKnownFileType = sourcecode.swift; path = listViewCell.swift; sourceTree = "<group>"; };
		14697BDA267208B50067A2FB /* TypeAliases.swift */ = {isa = PBXFileReference; lastKnownFileType = sourcecode.swift; path = TypeAliases.swift; sourceTree = "<group>"; };
		14697BDD2672096D0067A2FB /* TestNotesModel.swift */ = {isa = PBXFileReference; lastKnownFileType = sourcecode.swift; path = TestNotesModel.swift; sourceTree = "<group>"; };
		14697BDE2672096D0067A2FB /* NotesData.swift */ = {isa = PBXFileReference; lastKnownFileType = sourcecode.swift; path = NotesData.swift; sourceTree = "<group>"; };
/* End PBXFileReference section */

/* Begin PBXFrameworksBuildPhase section */
		14697BAD2671EC8A0067A2FB /* Frameworks */ = {
			isa = PBXFrameworksBuildPhase;
			buildActionMask = 2147483647;
			files = (
			);
			runOnlyForDeploymentPostprocessing = 0;
		};
/* End PBXFrameworksBuildPhase section */

/* Begin PBXGroup section */
		146947D726720EAA00274B16 /* Helpers */ = {
			isa = PBXGroup;
			children = (
				146947D826720EC900274B16 /* HomeInterfaceHelper.swift */,
				146947DE267245FF00274B16 /* TrashInterfaceHelper.swift */,
			);
			path = Helpers;
			sourceTree = "<group>";
		};
		14697BA72671EC8A0067A2FB = {
			isa = PBXGroup;
			children = (
				14697BB22671EC8A0067A2FB /* Source */,
				14697BB12671EC8A0067A2FB /* Products */,
			);
			sourceTree = "<group>";
		};
		14697BB12671EC8A0067A2FB /* Products */ = {
			isa = PBXGroup;
			children = (
				14697BB02671EC8A0067A2FB /* Signary.app */,
			);
			name = Products;
			sourceTree = "<group>";
		};
		14697BB22671EC8A0067A2FB /* Source */ = {
			isa = PBXGroup;
			children = (
				14697BC92671EE580067A2FB /* Startup */,
				14697BCF267204F00067A2FB /* Models */,
				14697BD3267206FA0067A2FB /* Views */,
				14697BC72671EDA40067A2FB /* View Controllers */,
				14697BCB2671EE880067A2FB /* Interface Builder */,
				14697BCA2671EE7D0067A2FB /* Resources */,
				14697BCC2671EE9B0067A2FB /* Support Files */,
			);
			path = Source;
			sourceTree = "<group>";
		};
		14697BC72671EDA40067A2FB /* View Controllers */ = {
			isa = PBXGroup;
			children = (
				14697BCD267201690067A2FB /* HomeViewController.swift */,
				146947DC2672353600274B16 /* TrashViewController.swift */,
				146947E226724FF200274B16 /* EditorViewController.swift */,
			);
			path = "View Controllers";
			sourceTree = "<group>";
		};
		14697BC92671EE580067A2FB /* Startup */ = {
			isa = PBXGroup;
			children = (
				14697BB32671EC8A0067A2FB /* AppDelegate.swift */,
				14697BB52671EC8A0067A2FB /* SceneDelegate.swift */,
			);
			path = Startup;
			sourceTree = "<group>";
		};
		14697BCA2671EE7D0067A2FB /* Resources */ = {
			isa = PBXGroup;
			children = (
				14697BBC2671EC900067A2FB /* Assets.xcassets */,
			);
			path = Resources;
			sourceTree = "<group>";
		};
		14697BCB2671EE880067A2FB /* Interface Builder */ = {
			isa = PBXGroup;
			children = (
				14697BB92671EC8A0067A2FB /* Home.storyboard */,
				146947DA2672330900274B16 /* Trash.storyboard */,
				146947E026724F0000274B16 /* Editor.storyboard */,
			);
			path = "Interface Builder";
			sourceTree = "<group>";
		};
		14697BCC2671EE9B0067A2FB /* Support Files */ = {
			isa = PBXGroup;
			children = (
				14697BBE2671EC900067A2FB /* LaunchScreen.storyboard */,
				14697BC12671EC900067A2FB /* Info.plist */,
			);
			path = "Support Files";
			sourceTree = "<group>";
		};
		14697BCF267204F00067A2FB /* Models */ = {
			isa = PBXGroup;
			children = (
				146947D726720EAA00274B16 /* Helpers */,
				14697BDC2672096D0067A2FB /* TestData */,
				14697BD0267205060067A2FB /* Constants.swift */,
				14697BDA267208B50067A2FB /* TypeAliases.swift */,
			);
			path = Models;
			sourceTree = "<group>";
		};
		14697BD3267206FA0067A2FB /* Views */ = {
			isa = PBXGroup;
			children = (
				14697BD42672071E0067A2FB /* ListViewCell */,
			);
			path = Views;
			sourceTree = "<group>";
		};
		14697BD42672071E0067A2FB /* ListViewCell */ = {
			isa = PBXGroup;
			children = (
				14697BD52672071E0067A2FB /* listViewCell.xib */,
				14697BD62672071E0067A2FB /* listViewCell.swift */,
			);
			path = ListViewCell;
			sourceTree = "<group>";
		};
		14697BDC2672096D0067A2FB /* TestData */ = {
			isa = PBXGroup;
			children = (
				14697BDD2672096D0067A2FB /* TestNotesModel.swift */,
				14697BDE2672096D0067A2FB /* NotesData.swift */,
			);
			path = TestData;
			sourceTree = "<group>";
		};
/* End PBXGroup section */

/* Begin PBXNativeTarget section */
		14697BAF2671EC8A0067A2FB /* Signary */ = {
			isa = PBXNativeTarget;
			buildConfigurationList = 14697BC42671EC900067A2FB /* Build configuration list for PBXNativeTarget "Signary" */;
			buildPhases = (
				14697BAC2671EC8A0067A2FB /* Sources */,
				14697BAD2671EC8A0067A2FB /* Frameworks */,
				14697BAE2671EC8A0067A2FB /* Resources */,
			);
			buildRules = (
			);
			dependencies = (
			);
			name = Signary;
			productName = Signary;
			productReference = 14697BB02671EC8A0067A2FB /* Signary.app */;
			productType = "com.apple.product-type.application";
		};
/* End PBXNativeTarget section */

/* Begin PBXProject section */
		14697BA82671EC8A0067A2FB /* Project object */ = {
			isa = PBXProject;
			attributes = {
				LastSwiftUpdateCheck = 1250;
				LastUpgradeCheck = 1250;
				TargetAttributes = {
					14697BAF2671EC8A0067A2FB = {
						CreatedOnToolsVersion = 12.5;
					};
				};
			};
			buildConfigurationList = 14697BAB2671EC8A0067A2FB /* Build configuration list for PBXProject "Signary" */;
			compatibilityVersion = "Xcode 9.3";
			developmentRegion = en;
			hasScannedForEncodings = 0;
			knownRegions = (
				en,
				Base,
			);
			mainGroup = 14697BA72671EC8A0067A2FB;
			productRefGroup = 14697BB12671EC8A0067A2FB /* Products */;
			projectDirPath = "";
			projectRoot = "";
			targets = (
				14697BAF2671EC8A0067A2FB /* Signary */,
			);
		};
/* End PBXProject section */

/* Begin PBXResourcesBuildPhase section */
		14697BAE2671EC8A0067A2FB /* Resources */ = {
			isa = PBXResourcesBuildPhase;
			buildActionMask = 2147483647;
			files = (
				14697BD72672071E0067A2FB /* listViewCell.xib in Resources */,
				146947E126724F0000274B16 /* Editor.storyboard in Resources */,
				146947DB2672330900274B16 /* Trash.storyboard in Resources */,
				14697BC02671EC900067A2FB /* LaunchScreen.storyboard in Resources */,
				14697BBD2671EC900067A2FB /* Assets.xcassets in Resources */,
				14697BBB2671EC8A0067A2FB /* Home.storyboard in Resources */,
			);
			runOnlyForDeploymentPostprocessing = 0;
		};
/* End PBXResourcesBuildPhase section */

/* Begin PBXSourcesBuildPhase section */
		14697BAC2671EC8A0067A2FB /* Sources */ = {
			isa = PBXSourcesBuildPhase;
			buildActionMask = 2147483647;
			files = (
				14697BDB267208B50067A2FB /* TypeAliases.swift in Sources */,
				146947DD2672353600274B16 /* TrashViewController.swift in Sources */,
				14697BD9267208940067A2FB /* Constants.swift in Sources */,
				14697BDF267209750067A2FB /* TestNotesModel.swift in Sources */,
				14697BD82672071E0067A2FB /* listViewCell.swift in Sources */,
				14697BB42671EC8A0067A2FB /* AppDelegate.swift in Sources */,
				146947D926720EC900274B16 /* HomeInterfaceHelper.swift in Sources */,
				146947E326724FF200274B16 /* EditorViewController.swift in Sources */,
				14697BE0267209780067A2FB /* NotesData.swift in Sources */,
				14697BB62671EC8A0067A2FB /* SceneDelegate.swift in Sources */,
				14697BCE267201690067A2FB /* HomeViewController.swift in Sources */,
				146947DF267245FF00274B16 /* TrashInterfaceHelper.swift in Sources */,
			);
			runOnlyForDeploymentPostprocessing = 0;
		};
/* End PBXSourcesBuildPhase section */

/* Begin PBXVariantGroup section */
		14697BB92671EC8A0067A2FB /* Home.storyboard */ = {
			isa = PBXVariantGroup;
			children = (
				14697BBA2671EC8A0067A2FB /* Base */,
			);
			name = Home.storyboard;
			sourceTree = "<group>";
		};
		14697BBE2671EC900067A2FB /* LaunchScreen.storyboard */ = {
			isa = PBXVariantGroup;
			children = (
				14697BBF2671EC900067A2FB /* Base */,
			);
			name = LaunchScreen.storyboard;
			sourceTree = "<group>";
		};
/* End PBXVariantGroup section */

/* Begin XCBuildConfiguration section */
		14697BC22671EC900067A2FB /* Debug */ = {
			isa = XCBuildConfiguration;
			buildSettings = {
				ALWAYS_SEARCH_USER_PATHS = NO;
				CLANG_ANALYZER_NONNULL = YES;
				CLANG_ANALYZER_NUMBER_OBJECT_CONVERSION = YES_AGGRESSIVE;
				CLANG_CXX_LANGUAGE_STANDARD = "gnu++14";
				CLANG_CXX_LIBRARY = "libc++";
				CLANG_ENABLE_MODULES = YES;
				CLANG_ENABLE_OBJC_ARC = YES;
				CLANG_ENABLE_OBJC_WEAK = YES;
				CLANG_WARN_BLOCK_CAPTURE_AUTORELEASING = YES;
				CLANG_WARN_BOOL_CONVERSION = YES;
				CLANG_WARN_COMMA = YES;
				CLANG_WARN_CONSTANT_CONVERSION = YES;
				CLANG_WARN_DEPRECATED_OBJC_IMPLEMENTATIONS = YES;
				CLANG_WARN_DIRECT_OBJC_ISA_USAGE = YES_ERROR;
				CLANG_WARN_DOCUMENTATION_COMMENTS = YES;
				CLANG_WARN_EMPTY_BODY = YES;
				CLANG_WARN_ENUM_CONVERSION = YES;
				CLANG_WARN_INFINITE_RECURSION = YES;
				CLANG_WARN_INT_CONVERSION = YES;
				CLANG_WARN_NON_LITERAL_NULL_CONVERSION = YES;
				CLANG_WARN_OBJC_IMPLICIT_RETAIN_SELF = YES;
				CLANG_WARN_OBJC_LITERAL_CONVERSION = YES;
				CLANG_WARN_OBJC_ROOT_CLASS = YES_ERROR;
				CLANG_WARN_QUOTED_INCLUDE_IN_FRAMEWORK_HEADER = YES;
				CLANG_WARN_RANGE_LOOP_ANALYSIS = YES;
				CLANG_WARN_STRICT_PROTOTYPES = YES;
				CLANG_WARN_SUSPICIOUS_MOVE = YES;
				CLANG_WARN_UNGUARDED_AVAILABILITY = YES_AGGRESSIVE;
				CLANG_WARN_UNREACHABLE_CODE = YES;
				CLANG_WARN__DUPLICATE_METHOD_MATCH = YES;
				COPY_PHASE_STRIP = NO;
				DEBUG_INFORMATION_FORMAT = dwarf;
				ENABLE_STRICT_OBJC_MSGSEND = YES;
				ENABLE_TESTABILITY = YES;
				GCC_C_LANGUAGE_STANDARD = gnu11;
				GCC_DYNAMIC_NO_PIC = NO;
				GCC_NO_COMMON_BLOCKS = YES;
				GCC_OPTIMIZATION_LEVEL = 0;
				GCC_PREPROCESSOR_DEFINITIONS = (
					"DEBUG=1",
					"$(inherited)",
				);
				GCC_WARN_64_TO_32_BIT_CONVERSION = YES;
				GCC_WARN_ABOUT_RETURN_TYPE = YES_ERROR;
				GCC_WARN_UNDECLARED_SELECTOR = YES;
				GCC_WARN_UNINITIALIZED_AUTOS = YES_AGGRESSIVE;
				GCC_WARN_UNUSED_FUNCTION = YES;
				GCC_WARN_UNUSED_VARIABLE = YES;
				IPHONEOS_DEPLOYMENT_TARGET = 14.5;
				MTL_ENABLE_DEBUG_INFO = INCLUDE_SOURCE;
				MTL_FAST_MATH = YES;
				ONLY_ACTIVE_ARCH = YES;
				SDKROOT = iphoneos;
				SWIFT_ACTIVE_COMPILATION_CONDITIONS = DEBUG;
				SWIFT_OPTIMIZATION_LEVEL = "-Onone";
			};
			name = Debug;
		};
		14697BC32671EC900067A2FB /* Release */ = {
			isa = XCBuildConfiguration;
			buildSettings = {
				ALWAYS_SEARCH_USER_PATHS = NO;
				CLANG_ANALYZER_NONNULL = YES;
				CLANG_ANALYZER_NUMBER_OBJECT_CONVERSION = YES_AGGRESSIVE;
				CLANG_CXX_LANGUAGE_STANDARD = "gnu++14";
				CLANG_CXX_LIBRARY = "libc++";
				CLANG_ENABLE_MODULES = YES;
				CLANG_ENABLE_OBJC_ARC = YES;
				CLANG_ENABLE_OBJC_WEAK = YES;
				CLANG_WARN_BLOCK_CAPTURE_AUTORELEASING = YES;
				CLANG_WARN_BOOL_CONVERSION = YES;
				CLANG_WARN_COMMA = YES;
				CLANG_WARN_CONSTANT_CONVERSION = YES;
				CLANG_WARN_DEPRECATED_OBJC_IMPLEMENTATIONS = YES;
				CLANG_WARN_DIRECT_OBJC_ISA_USAGE = YES_ERROR;
				CLANG_WARN_DOCUMENTATION_COMMENTS = YES;
				CLANG_WARN_EMPTY_BODY = YES;
				CLANG_WARN_ENUM_CONVERSION = YES;
				CLANG_WARN_INFINITE_RECURSION = YES;
				CLANG_WARN_INT_CONVERSION = YES;
				CLANG_WARN_NON_LITERAL_NULL_CONVERSION = YES;
				CLANG_WARN_OBJC_IMPLICIT_RETAIN_SELF = YES;
				CLANG_WARN_OBJC_LITERAL_CONVERSION = YES;
				CLANG_WARN_OBJC_ROOT_CLASS = YES_ERROR;
				CLANG_WARN_QUOTED_INCLUDE_IN_FRAMEWORK_HEADER = YES;
				CLANG_WARN_RANGE_LOOP_ANALYSIS = YES;
				CLANG_WARN_STRICT_PROTOTYPES = YES;
				CLANG_WARN_SUSPICIOUS_MOVE = YES;
				CLANG_WARN_UNGUARDED_AVAILABILITY = YES_AGGRESSIVE;
				CLANG_WARN_UNREACHABLE_CODE = YES;
				CLANG_WARN__DUPLICATE_METHOD_MATCH = YES;
				COPY_PHASE_STRIP = NO;
				DEBUG_INFORMATION_FORMAT = "dwarf-with-dsym";
				ENABLE_NS_ASSERTIONS = NO;
				ENABLE_STRICT_OBJC_MSGSEND = YES;
				GCC_C_LANGUAGE_STANDARD = gnu11;
				GCC_NO_COMMON_BLOCKS = YES;
				GCC_WARN_64_TO_32_BIT_CONVERSION = YES;
				GCC_WARN_ABOUT_RETURN_TYPE = YES_ERROR;
				GCC_WARN_UNDECLARED_SELECTOR = YES;
				GCC_WARN_UNINITIALIZED_AUTOS = YES_AGGRESSIVE;
				GCC_WARN_UNUSED_FUNCTION = YES;
				GCC_WARN_UNUSED_VARIABLE = YES;
				IPHONEOS_DEPLOYMENT_TARGET = 14.5;
				MTL_ENABLE_DEBUG_INFO = NO;
				MTL_FAST_MATH = YES;
				SDKROOT = iphoneos;
				SWIFT_COMPILATION_MODE = wholemodule;
				SWIFT_OPTIMIZATION_LEVEL = "-O";
				VALIDATE_PRODUCT = YES;
			};
			name = Release;
		};
		14697BC52671EC900067A2FB /* Debug */ = {
			isa = XCBuildConfiguration;
			buildSettings = {
				ASSETCATALOG_COMPILER_APPICON_NAME = AppIcon;
				ASSETCATALOG_COMPILER_GLOBAL_ACCENT_COLOR_NAME = AccentColor;
				CODE_SIGN_STYLE = Automatic;
				DEVELOPMENT_TEAM = H5Y8NT89V8;
				INFOPLIST_FILE = "Source/Support Files/Info.plist";
				IPHONEOS_DEPLOYMENT_TARGET = 13.6;
				LD_RUNPATH_SEARCH_PATHS = (
					"$(inherited)",
					"@executable_path/Frameworks",
				);
				PRODUCT_BUNDLE_IDENTIFIER = in.appup.Signary;
				PRODUCT_NAME = "$(TARGET_NAME)";
				SWIFT_VERSION = 5.0;
				TARGETED_DEVICE_FAMILY = 1;
			};
			name = Debug;
		};
		14697BC62671EC900067A2FB /* Release */ = {
			isa = XCBuildConfiguration;
			buildSettings = {
				ASSETCATALOG_COMPILER_APPICON_NAME = AppIcon;
				ASSETCATALOG_COMPILER_GLOBAL_ACCENT_COLOR_NAME = AccentColor;
				CODE_SIGN_STYLE = Automatic;
				DEVELOPMENT_TEAM = H5Y8NT89V8;
				INFOPLIST_FILE = "Source/Support Files/Info.plist";
				IPHONEOS_DEPLOYMENT_TARGET = 13.6;
				LD_RUNPATH_SEARCH_PATHS = (
					"$(inherited)",
					"@executable_path/Frameworks",
				);
				PRODUCT_BUNDLE_IDENTIFIER = in.appup.Signary;
				PRODUCT_NAME = "$(TARGET_NAME)";
				SWIFT_VERSION = 5.0;
				TARGETED_DEVICE_FAMILY = 1;
			};
			name = Release;
		};
/* End XCBuildConfiguration section */

/* Begin XCConfigurationList section */
		14697BAB2671EC8A0067A2FB /* Build configuration list for PBXProject "Signary" */ = {
			isa = XCConfigurationList;
			buildConfigurations = (
				14697BC22671EC900067A2FB /* Debug */,
				14697BC32671EC900067A2FB /* Release */,
			);
			defaultConfigurationIsVisible = 0;
			defaultConfigurationName = Release;
		};
		14697BC42671EC900067A2FB /* Build configuration list for PBXNativeTarget "Signary" */ = {
			isa = XCConfigurationList;
			buildConfigurations = (
				14697BC52671EC900067A2FB /* Debug */,
				14697BC62671EC900067A2FB /* Release */,
			);
			defaultConfigurationIsVisible = 0;
			defaultConfigurationName = Release;
		};
/* End XCConfigurationList section */
	};
	rootObject = 14697BA82671EC8A0067A2FB /* Project object */;
}
